<Solution>
  <Project Path="ApplicationCore/ApplicationCore.csproj" Id="39e02707-52c7-40b0-b150-d3fe9e413205" />
  <Project Path="BookingApp.Api/BookingApp.Api.csproj" />
  <Project Path="Domain/Domain.csproj" Id="4c5b09e0-d13b-41cb-88f0-9f5f03eefcb2" />
  <Project Path="Infrastructure/Infrastructure.csproj" Id="67777887-bf87-4948-bbb2-0d7db12ee12f" />
</Solution>
